
Microsoft Visual Studio Solution File, Format Version 12.00
# Visual Studio Version 16
VisualStudioVersion = 25.0.1703.7
MinimumVisualStudioVersion = 10.0.40219.1
Project("{FAE04EC0-301F-11D3-BF4B-00C04F79EFBC}") = "HW_27.10", "HW_27.10\HW_27.10.csproj", "{238D9B6C-E111-4534-BBD8-65AF8C02C894}"
EndProject
Global
	GlobalSection(SolutionConfigurationPlatforms) = preSolution
		Debug|Any CPU = Debug|Any CPU
		Release|Any CPU = Release|Any CPU
	EndGlobalSection
	GlobalSection(ProjectConfigurationPlatforms) = postSolution
		{238D9B6C-E111-4534-BBD8-65AF8C02C894}.Debug|Any CPU.ActiveCfg = Debug|Any CPU
		{238D9B6C-E111-4534-BBD8-65AF8C02C894}.Debug|Any CPU.Build.0 = Debug|Any CPU
		{238D9B6C-E111-4534-BBD8-65AF8C02C894}.Release|Any CPU.ActiveCfg = Release|Any CPU
		{238D9B6C-E111-4534-BBD8-65AF8C02C894}.Release|Any CPU.Build.0 = Release|Any CPU
	EndGlobalSection
	GlobalSection(SolutionProperties) = preSolution
		HideSolutionNode = FALSE
	EndGlobalSection
	GlobalSection(ExtensibilityGlobals) = postSolution
		SolutionGuid = {1E721F9C-F95B-45C1-B006-B8A25A21A5D3}
	EndGlobalSection
EndGlobal
